// !$*UTF8*$!
{
	archiveVersion = 1;
	classes = {
	};
	objectVersion = 46;
	objects = {

/* Begin PBXBuildFile section */
		89B2C2121E5AA20C0026376A /* FlickViewController.swift in Sources */ = {isa = PBXBuildFile; fileRef = 89B2C2111E5AA20C0026376A /* FlickViewController.swift */; };
		89B2C2181E5AAE9A0026376A /* Main.storyboard in Resources */ = {isa = PBXBuildFile; fileRef = 89B2C2171E5AAE9A0026376A /* Main.storyboard */; };
		89F9DCE91E5A9A2700493511 /* AppDelegate.swift in Sources */ = {isa = PBXBuildFile; fileRef = 89F9DCE81E5A9A2700493511 /* AppDelegate.swift */; };
		89F9DCF01E5A9A2700493511 /* Assets.xcassets in Resources */ = {isa = PBXBuildFile; fileRef = 89F9DCEF1E5A9A2700493511 /* Assets.xcassets */; };
		89F9DCF31E5A9A2700493511 /* LaunchScreen.storyboard in Resources */ = {isa = PBXBuildFile; fileRef = 89F9DCF11E5A9A2700493511 /* LaunchScreen.storyboard */; };
		89F9DCFE1E5A9D0800493511 /* DetailViewController.swift in Sources */ = {isa = PBXBuildFile; fileRef = 89F9DCFD1E5A9D0800493511 /* DetailViewController.swift */; };
		89F9DD011E5A9D3400493511 /* FlickCell.swift in Sources */ = {isa = PBXBuildFile; fileRef = 89F9DD001E5A9D3400493511 /* FlickCell.swift */; };
		C6AF22D4432357C7BFF809FF /* Pods_Flick.framework in Frameworks */ = {isa = PBXBuildFile; fileRef = 8CF93A5D67C465321193D68E /* Pods_Flick.framework */; };
/* End PBXBuildFile section */

/* Begin PBXFileReference section */
		89B2C2111E5AA20C0026376A /* FlickViewController.swift */ = {isa = PBXFileReference; fileEncoding = 4; lastKnownFileType = sourcecode.swift; path = FlickViewController.swift; sourceTree = "<group>"; };
		89B2C2171E5AAE9A0026376A /* Main.storyboard */ = {isa = PBXFileReference; fileEncoding = 4; lastKnownFileType = file.storyboard; path = Main.storyboard; sourceTree = "<group>"; };
		89F9DCE51E5A9A2700493511 /* Flick.app */ = {isa = PBXFileReference; explicitFileType = wrapper.application; includeInIndex = 0; path = Flick.app; sourceTree = BUILT_PRODUCTS_DIR; };
		89F9DCE81E5A9A2700493511 /* AppDelegate.swift */ = {isa = PBXFileReference; lastKnownFileType = sourcecode.swift; path = AppDelegate.swift; sourceTree = "<group>"; };
		89F9DCEF1E5A9A2700493511 /* Assets.xcassets */ = {isa = PBXFileReference; lastKnownFileType = folder.assetcatalog; path = Assets.xcassets; sourceTree = "<group>"; };
		89F9DCF21E5A9A2700493511 /* Base */ = {isa = PBXFileReference; lastKnownFileType = file.storyboard; name = Base; path = Base.lproj/LaunchScreen.storyboard; sourceTree = "<group>"; };
		89F9DCF41E5A9A2700493511 /* Info.plist */ = {isa = PBXFileReference; lastKnownFileType = text.plist.xml; path = Info.plist; sourceTree = "<group>"; };
		89F9DCFD1E5A9D0800493511 /* DetailViewController.swift */ = {isa = PBXFileReference; fileEncoding = 4; lastKnownFileType = sourcecode.swift; path = DetailViewController.swift; sourceTree = "<group>"; };
		89F9DD001E5A9D3400493511 /* FlickCell.swift */ = {isa = PBXFileReference; fileEncoding = 4; lastKnownFileType = sourcecode.swift; path = FlickCell.swift; sourceTree = "<group>"; };
		8CF93A5D67C465321193D68E /* Pods_Flick.framework */ = {isa = PBXFileReference; explicitFileType = wrapper.framework; includeInIndex = 0; path = Pods_Flick.framework; sourceTree = BUILT_PRODUCTS_DIR; };
		ABCA055A6F8B262780CF9873 /* Pods-Flick.release.xcconfig */ = {isa = PBXFileReference; includeInIndex = 1; lastKnownFileType = text.xcconfig; name = "Pods-Flick.release.xcconfig"; path = "Pods/Target Support Files/Pods-Flick/Pods-Flick.release.xcconfig"; sourceTree = "<group>"; };
		B42746FC26D50647D66F1E20 /* Pods-Flick.debug.xcconfig */ = {isa = PBXFileReference; includeInIndex = 1; lastKnownFileType = text.xcconfig; name = "Pods-Flick.debug.xcconfig"; path = "Pods/Target Support Files/Pods-Flick/Pods-Flick.debug.xcconfig"; sourceTree = "<group>"; };
/* End PBXFileReference section */

/* Begin PBXFrameworksBuildPhase section */
		89F9DCE21E5A9A2700493511 /* Frameworks */ = {
			isa = PBXFrameworksBuildPhase;
			buildActionMask = 2147483647;
			files = (
				C6AF22D4432357C7BFF809FF /* Pods_Flick.framework in Frameworks */,
			);
			runOnlyForDeploymentPostprocessing = 0;
		};
/* End PBXFrameworksBuildPhase section */

/* Begin PBXGroup section */
		89F9DCDC1E5A9A2700493511 = {
			isa = PBXGroup;
			children = (
				89F9DCE71E5A9A2700493511 /* Flick */,
				89F9DCE61E5A9A2700493511 /* Products */,
				EC76C9070ED58C72BBDAD0D5 /* Pods */,
				EDFE37F1FA157DF54586DAF3 /* Frameworks */,
			);
			sourceTree = "<group>";
		};
		89F9DCE61E5A9A2700493511 /* Products */ = {
			isa = PBXGroup;
			children = (
				89F9DCE51E5A9A2700493511 /* Flick.app */,
			);
			name = Products;
			sourceTree = "<group>";
		};
		89F9DCE71E5A9A2700493511 /* Flick */ = {
			isa = PBXGroup;
			children = (
				89F9DCFF1E5A9D1D00493511 /* Views */,
				89F9DCFA1E5A9BA200493511 /* View Controllers */,
				89F9DCE81E5A9A2700493511 /* AppDelegate.swift */,
				89F9DCEF1E5A9A2700493511 /* Assets.xcassets */,
				89B2C2171E5AAE9A0026376A /* Main.storyboard */,
				89F9DCF11E5A9A2700493511 /* LaunchScreen.storyboard */,
				89F9DCF41E5A9A2700493511 /* Info.plist */,
			);
			path = Flick;
			sourceTree = "<group>";
		};
		89F9DCFA1E5A9BA200493511 /* View Controllers */ = {
			isa = PBXGroup;
			children = (
				89F9DCFD1E5A9D0800493511 /* DetailViewController.swift */,
				89B2C2111E5AA20C0026376A /* FlickViewController.swift */,
			);
			name = "View Controllers";
			sourceTree = "<group>";
		};
		89F9DCFF1E5A9D1D00493511 /* Views */ = {
			isa = PBXGroup;
			children = (
				89F9DD001E5A9D3400493511 /* FlickCell.swift */,
			);
			name = Views;
			sourceTree = "<group>";
		};
		EC76C9070ED58C72BBDAD0D5 /* Pods */ = {
			isa = PBXGroup;
			children = (
				B42746FC26D50647D66F1E20 /* Pods-Flick.debug.xcconfig */,
				ABCA055A6F8B262780CF9873 /* Pods-Flick.release.xcconfig */,
			);
			name = Pods;
			sourceTree = "<group>";
		};
		EDFE37F1FA157DF54586DAF3 /* Frameworks */ = {
			isa = PBXGroup;
			children = (
				8CF93A5D67C465321193D68E /* Pods_Flick.framework */,
			);
			name = Frameworks;
			sourceTree = "<group>";
		};
/* End PBXGroup section */

/* Begin PBXNativeTarget section */
		89F9DCE41E5A9A2700493511 /* Flick */ = {
			isa = PBXNativeTarget;
			buildConfigurationList = 89F9DCF71E5A9A2700493511 /* Build configuration list for PBXNativeTarget "Flick" */;
			buildPhases = (
				0891FF5BD36771288AC609E1 /* [CP] Check Pods Manifest.lock */,
				89F9DCE11E5A9A2700493511 /* Sources */,
				89F9DCE21E5A9A2700493511 /* Frameworks */,
				89F9DCE31E5A9A2700493511 /* Resources */,
				CA90DA72C2CFC28D86D2EFA4 /* [CP] Embed Pods Frameworks */,
				E4BF2A9996647EE37B980D5C /* [CP] Copy Pods Resources */,
			);
			buildRules = (
			);
			dependencies = (
			);
			name = Flick;
			productName = Flick;
			productReference = 89F9DCE51E5A9A2700493511 /* Flick.app */;
			productType = "com.apple.product-type.application";
		};
/* End PBXNativeTarget section */

/* Begin PBXProject section */
		89F9DCDD1E5A9A2700493511 /* Project object */ = {
			isa = PBXProject;
			attributes = {
				LastSwiftUpdateCheck = 0820;
				LastUpgradeCheck = 0820;
				ORGANIZATIONNAME = CodePath;
				TargetAttributes = {
					89F9DCE41E5A9A2700493511 = {
						CreatedOnToolsVersion = 8.2.1;
						ProvisioningStyle = Automatic;
					};
				};
			};
			buildConfigurationList = 89F9DCE01E5A9A2700493511 /* Build configuration list for PBXProject "Flick" */;
			compatibilityVersion = "Xcode 3.2";
			developmentRegion = English;
			hasScannedForEncodings = 0;
			knownRegions = (
				en,
				Base,
			);
			mainGroup = 89F9DCDC1E5A9A2700493511;
			productRefGroup = 89F9DCE61E5A9A2700493511 /* Products */;
			projectDirPath = "";
			projectRoot = "";
			targets = (
				89F9DCE41E5A9A2700493511 /* Flick */,
			);
		};
/* End PBXProject section */

/* Begin PBXResourcesBuildPhase section */
		89F9DCE31E5A9A2700493511 /* Resources */ = {
			isa = PBXResourcesBuildPhase;
			buildActionMask = 2147483647;
			files = (
				89B2C2181E5AAE9A0026376A /* Main.storyboard in Resources */,
				89F9DCF31E5A9A2700493511 /* LaunchScreen.storyboard in Resources */,
				89F9DCF01E5A9A2700493511 /* Assets.xcassets in Resources */,
			);
			runOnlyForDeploymentPostprocessing = 0;
		};
/* End PBXResourcesBuildPhase section */

/* Begin PBXShellScriptBuildPhase section */
		0891FF5BD36771288AC609E1 /* [CP] Check Pods Manifest.lock */ = {
			isa = PBXShellScriptBuildPhase;
			buildActionMask = 2147483647;
			files = (
			);
			inputPaths = (
			);
			name = "[CP] Check Pods Manifest.lock";
			outputPaths = (
			);
			runOnlyForDeploymentPostprocessing = 0;
			shellPath = /bin/sh;
			shellScript = "diff \"${PODS_ROOT}/../Podfile.lock\" \"${PODS_ROOT}/Manifest.lock\" > /dev/null\nif [ $? != 0 ] ; then\n    # print error to STDERR\n    echo \"error: The sandbox is not in sync with the Podfile.lock. Run 'pod install' or update your CocoaPods installation.\" >&2\n    exit 1\nfi\n";
			showEnvVarsInLog = 0;
		};
		CA90DA72C2CFC28D86D2EFA4 /* [CP] Embed Pods Frameworks */ = {
			isa = PBXShellScriptBuildPhase;
			buildActionMask = 2147483647;
			files = (
			);
			inputPaths = (
			);
			name = "[CP] Embed Pods Frameworks";
			outputPaths = (
			);
			runOnlyForDeploymentPostprocessing = 0;
			shellPath = /bin/sh;
			shellScript = "\"${SRCROOT}/Pods/Target Support Files/Pods-Flick/Pods-Flick-frameworks.sh\"\n";
			showEnvVarsInLog = 0;
		};
		E4BF2A9996647EE37B980D5C /* [CP] Copy Pods Resources */ = {
			isa = PBXShellScriptBuildPhase;
			buildActionMask = 2147483647;
			files = (
			);
			inputPaths = (
			);
			name = "[CP] Copy Pods Resources";
			outputPaths = (
			);
			runOnlyForDeploymentPostprocessing = 0;
			shellPath = /bin/sh;
			shellScript = "\"${SRCROOT}/Pods/Target Support Files/Pods-Flick/Pods-Flick-resources.sh\"\n";
			showEnvVarsInLog = 0;
		};
/* End PBXShellScriptBuildPhase section */

/* Begin PBXSourcesBuildPhase section */
		89F9DCE11E5A9A2700493511 /* Sources */ = {
			isa = PBXSourcesBuildPhase;
			buildActionMask = 2147483647;
			files = (
				89F9DD011E5A9D3400493511 /* FlickCell.swift in Sources */,
				89F9DCE91E5A9A2700493511 /* AppDelegate.swift in Sources */,
				89B2C2121E5AA20C0026376A /* FlickViewController.swift in Sources */,
				89F9DCFE1E5A9D0800493511 /* DetailViewController.swift in Sources */,
			);
			runOnlyForDeploymentPostprocessing = 0;
		};
/* End PBXSourcesBuildPhase section */

/* Begin PBXVariantGroup section */
		89F9DCF11E5A9A2700493511 /* LaunchScreen.storyboard */ = {
			isa = PBXVariantGroup;
			children = (
				89F9DCF21E5A9A2700493511 /* Base */,
			);
			name = LaunchScreen.storyboard;
			sourceTree = "<group>";
		};
/* End PBXVariantGroup section */

/* Begin XCBuildConfiguration section */
		89F9DCF51E5A9A2700493511 /* Debug */ = {
			isa = XCBuildConfiguration;
			buildSettings = {
				ALWAYS_SEARCH_USER_PATHS = NO;
				CLANG_ANALYZER_NONNULL = YES;
				CLANG_CXX_LANGUAGE_STANDARD = "gnu++0x";
				CLANG_CXX_LIBRARY = "libc++";
				CLANG_ENABLE_MODULES = YES;
				CLANG_ENABLE_OBJC_ARC = YES;
				CLANG_WARN_BOOL_CONVERSION = YES;
				CLANG_WARN_CONSTANT_CONVERSION = YES;
				CLANG_WARN_DIRECT_OBJC_ISA_USAGE = YES_ERROR;
				CLANG_WARN_DOCUMENTATION_COMMENTS = YES;
				CLANG_WARN_EMPTY_BODY = YES;
				CLANG_WARN_ENUM_CONVERSION = YES;
				CLANG_WARN_INFINITE_RECURSION = YES;
				CLANG_WARN_INT_CONVERSION = YES;
				CLANG_WARN_OBJC_ROOT_CLASS = YES_ERROR;
				CLANG_WARN_SUSPICIOUS_MOVE = YES;
				CLANG_WARN_UNREACHABLE_CODE = YES;
				CLANG_WARN__DUPLICATE_METHOD_MATCH = YES;
				"CODE_SIGN_IDENTITY[sdk=iphoneos*]" = "iPhone Developer";
				COPY_PHASE_STRIP = NO;
				DEBUG_INFORMATION_FORMAT = dwarf;
				ENABLE_STRICT_OBJC_MSGSEND = YES;
				ENABLE_TESTABILITY = YES;
				GCC_C_LANGUAGE_STANDARD = gnu99;
				GCC_DYNAMIC_NO_PIC = NO;
				GCC_NO_COMMON_BLOCKS = YES;
				GCC_OPTIMIZATION_LEVEL = 0;
				GCC_PREPROCESSOR_DEFINITIONS = (
					"DEBUG=1",
					"$(inherited)",
				);
				GCC_WARN_64_TO_32_BIT_CONVERSION = YES;
				GCC_WARN_ABOUT_RETURN_TYPE = YES_ERROR;
				GCC_WARN_UNDECLARED_SELECTOR = YES;
				GCC_WARN_UNINITIALIZED_AUTOS = YES_AGGRESSIVE;
				GCC_WARN_UNUSED_FUNCTION = YES;
				GCC_WARN_UNUSED_VARIABLE = YES;
				IPHONEOS_DEPLOYMENT_TARGET = 10.2;
				MTL_ENABLE_DEBUG_INFO = YES;
				ONLY_ACTIVE_ARCH = YES;
				SDKROOT = iphoneos;
				SWIFT_ACTIVE_COMPILATION_CONDITIONS = DEBUG;
				SWIFT_OPTIMIZATION_LEVEL = "-Onone";
			};
			name = Debug;
		};
		89F9DCF61E5A9A2700493511 /* Release */ = {
			isa = XCBuildConfiguration;
			buildSettings = {
				ALWAYS_SEARCH_USER_PATHS = NO;
				CLANG_ANALYZER_NONNULL = YES;
				CLANG_CXX_LANGUAGE_STANDARD = "gnu++0x";
				CLANG_CXX_LIBRARY = "libc++";
				CLANG_ENABLE_MODULES = YES;
				CLANG_ENABLE_OBJC_ARC = YES;
				CLANG_WARN_BOOL_CONVERSION = YES;
				CLANG_WARN_CONSTANT_CONVERSION = YES;
				CLANG_WARN_DIRECT_OBJC_ISA_USAGE = YES_ERROR;
				CLANG_WARN_DOCUMENTATION_COMMENTS = YES;
				CLANG_WARN_EMPTY_BODY = YES;
				CLANG_WARN_ENUM_CONVERSION = YES;
				CLANG_WARN_INFINITE_RECURSION = YES;
				CLANG_WARN_INT_CONVERSION = YES;
				CLANG_WARN_OBJC_ROOT_CLASS = YES_ERROR;
				CLANG_WARN_SUSPICIOUS_MOVE = YES;
				CLANG_WARN_UNREACHABLE_CODE = YES;
				CLANG_WARN__DUPLICATE_METHOD_MATCH = YES;
				"CODE_SIGN_IDENTITY[sdk=iphoneos*]" = "iPhone Developer";
				COPY_PHASE_STRIP = NO;
				DEBUG_INFORMATION_FORMAT = "dwarf-with-dsym";
				ENABLE_NS_ASSERTIONS = NO;
				ENABLE_STRICT_OBJC_MSGSEND = YES;
				GCC_C_LANGUAGE_STANDARD = gnu99;
				GCC_NO_COMMON_BLOCKS = YES;
				GCC_WARN_64_TO_32_BIT_CONVERSION = YES;
				GCC_WARN_ABOUT_RETURN_TYPE = YES_ERROR;
				GCC_WARN_UNDECLARED_SELECTOR = YES;
				GCC_WARN_UNINITIALIZED_AUTOS = YES_AGGRESSIVE;
				GCC_WARN_UNUSED_FUNCTION = YES;
				GCC_WARN_UNUSED_VARIABLE = YES;
				IPHONEOS_DEPLOYMENT_TARGET = 10.2;
				MTL_ENABLE_DEBUG_INFO = NO;
				SDKROOT = iphoneos;
				SWIFT_OPTIMIZATION_LEVEL = "-Owholemodule";
				VALIDATE_PRODUCT = YES;
			};
			name = Release;
		};
		89F9DCF81E5A9A2700493511 /* Debug */ = {
			isa = XCBuildConfiguration;
			baseConfigurationReference = B42746FC26D50647D66F1E20 /* Pods-Flick.debug.xcconfig */;
			buildSettings = {
				ASSETCATALOG_COMPILER_APPICON_NAME = AppIcon;
				INFOPLIST_FILE = Flick/Info.plist;
				LD_RUNPATH_SEARCH_PATHS = "$(inherited) @executable_path/Frameworks";
				PRODUCT_BUNDLE_IDENTIFIER = CodePath.Flick;
				PRODUCT_NAME = "$(TARGET_NAME)";
				SWIFT_VERSION = 3.0;
			};
			name = Debug;
		};
		89F9DCF91E5A9A2700493511 /* Release */ = {
			isa = XCBuildConfiguration;
			baseConfigurationReference = ABCA055A6F8B262780CF9873 /* Pods-Flick.release.xcconfig */;
			buildSettings = {
				ASSETCATALOG_COMPILER_APPICON_NAME = AppIcon;
				INFOPLIST_FILE = Flick/Info.plist;
				LD_RUNPATH_SEARCH_PATHS = "$(inherited) @executable_path/Frameworks";
				PRODUCT_BUNDLE_IDENTIFIER = CodePath.Flick;
				PRODUCT_NAME = "$(TARGET_NAME)";
				SWIFT_VERSION = 3.0;
			};
			name = Release;
		};
/* End XCBuildConfiguration section */

/* Begin XCConfigurationList section */
		89F9DCE01E5A9A2700493511 /* Build configuration list for PBXProject "Flick" */ = {
			isa = XCConfigurationList;
			buildConfigurations = (
				89F9DCF51E5A9A2700493511 /* Debug */,
				89F9DCF61E5A9A2700493511 /* Release */,
			);
			defaultConfigurationIsVisible = 0;
			defaultConfigurationName = Release;
		};
		89F9DCF71E5A9A2700493511 /* Build configuration list for PBXNativeTarget "Flick" */ = {
			isa = XCConfigurationList;
			buildConfigurations = (
				89F9DCF81E5A9A2700493511 /* Debug */,
				89F9DCF91E5A9A2700493511 /* Release */,
			);
			defaultConfigurationIsVisible = 0;
			defaultConfigurationName = Release;
		};
/* End XCConfigurationList section */
	};
	rootObject = 89F9DCDD1E5A9A2700493511 /* Project object */;
}
